// !$*UTF8*$!
{
	archiveVersion = 1;
	classes = {
	};
	objectVersion = 50;
	objects = {

/* Begin PBXBuildFile section */
		FA4E413A25754C2C00716964 /* Tests_iOS.swift in Sources */ = {isa = PBXBuildFile; fileRef = FA4E413925754C2C00716964 /* Tests_iOS.swift */; };
		FA4E414525754C2C00716964 /* Tests_macOS.swift in Sources */ = {isa = PBXBuildFile; fileRef = FA4E414425754C2C00716964 /* Tests_macOS.swift */; };
		FA4E414725754C2C00716964 /* DesignCodeCourseApp.swift in Sources */ = {isa = PBXBuildFile; fileRef = FA4E411E25754C2A00716964 /* DesignCodeCourseApp.swift */; };
		FA4E414825754C2C00716964 /* DesignCodeCourseApp.swift in Sources */ = {isa = PBXBuildFile; fileRef = FA4E411E25754C2A00716964 /* DesignCodeCourseApp.swift */; };
		FA4E414925754C2C00716964 /* ContentView.swift in Sources */ = {isa = PBXBuildFile; fileRef = FA4E411F25754C2A00716964 /* ContentView.swift */; };
		FA4E414A25754C2C00716964 /* ContentView.swift in Sources */ = {isa = PBXBuildFile; fileRef = FA4E411F25754C2A00716964 /* ContentView.swift */; };
		FA4E414B25754C2C00716964 /* Assets.xcassets in Resources */ = {isa = PBXBuildFile; fileRef = FA4E412025754C2C00716964 /* Assets.xcassets */; };
		FA4E414C25754C2C00716964 /* Assets.xcassets in Resources */ = {isa = PBXBuildFile; fileRef = FA4E412025754C2C00716964 /* Assets.xcassets */; };
		FA4E41602575655C00716964 /* CourseRow.swift in Sources */ = {isa = PBXBuildFile; fileRef = FA4E415F2575655C00716964 /* CourseRow.swift */; };
		FA4E41612575655C00716964 /* CourseRow.swift in Sources */ = {isa = PBXBuildFile; fileRef = FA4E415F2575655C00716964 /* CourseRow.swift */; };
		FA4E41672575AC8300716964 /* CoursesView.swift in Sources */ = {isa = PBXBuildFile; fileRef = FA4E41662575AC8300716964 /* CoursesView.swift */; };
		FA4E41682575AC8300716964 /* CoursesView.swift in Sources */ = {isa = PBXBuildFile; fileRef = FA4E41662575AC8300716964 /* CoursesView.swift */; };
		FA4E416E2575ADD300716964 /* Sidebar.swift in Sources */ = {isa = PBXBuildFile; fileRef = FA4E416D2575ADD300716964 /* Sidebar.swift */; };
		FA4E416F2575ADD300716964 /* Sidebar.swift in Sources */ = {isa = PBXBuildFile; fileRef = FA4E416D2575ADD300716964 /* Sidebar.swift */; };
		FA4E41752575B60E00716964 /* Courseitem.swift in Sources */ = {isa = PBXBuildFile; fileRef = FA4E41742575B60E00716964 /* Courseitem.swift */; };
		FA4E41762575B60E00716964 /* Courseitem.swift in Sources */ = {isa = PBXBuildFile; fileRef = FA4E41742575B60E00716964 /* Courseitem.swift */; };
		FA4E41822575B80700716964 /* CourseList.swift in Sources */ = {isa = PBXBuildFile; fileRef = FA4E41812575B80700716964 /* CourseList.swift */; };
		FA4E41832575B80700716964 /* CourseList.swift in Sources */ = {isa = PBXBuildFile; fileRef = FA4E41812575B80700716964 /* CourseList.swift */; };
		FA4E418D2575C72200716964 /* Course.swift in Sources */ = {isa = PBXBuildFile; fileRef = FA4E418C2575C72200716964 /* Course.swift */; };
		FA4E418E2575C72300716964 /* Course.swift in Sources */ = {isa = PBXBuildFile; fileRef = FA4E418C2575C72200716964 /* Course.swift */; };
		FA4E41992575D33900716964 /* CloseButton.swift in Sources */ = {isa = PBXBuildFile; fileRef = FA4E41982575D33900716964 /* CloseButton.swift */; };
		FA4E419A2575D33900716964 /* CloseButton.swift in Sources */ = {isa = PBXBuildFile; fileRef = FA4E41982575D33900716964 /* CloseButton.swift */; };
		FA4E41A02575D67F00716964 /* CourseDetail.swift in Sources */ = {isa = PBXBuildFile; fileRef = FA4E419F2575D67F00716964 /* CourseDetail.swift */; };
		FA4E41A12575D67F00716964 /* CourseDetail.swift in Sources */ = {isa = PBXBuildFile; fileRef = FA4E419F2575D67F00716964 /* CourseDetail.swift */; };
		FA4E41AD2575D87E00716964 /* TutorialSection.swift in Sources */ = {isa = PBXBuildFile; fileRef = FA4E41A62575D87E00716964 /* TutorialSection.swift */; };
		FA4E41AE2575D87E00716964 /* TutorialSection.swift in Sources */ = {isa = PBXBuildFile; fileRef = FA4E41A62575D87E00716964 /* TutorialSection.swift */; };
		FA4E41AF2575D87E00716964 /* LivestreamSection.swift in Sources */ = {isa = PBXBuildFile; fileRef = FA4E41A72575D87E00716964 /* LivestreamSection.swift */; };
		FA4E41B02575D87E00716964 /* LivestreamSection.swift in Sources */ = {isa = PBXBuildFile; fileRef = FA4E41A72575D87E00716964 /* LivestreamSection.swift */; };
		FA4E41B12575D87E00716964 /* Livestream.swift in Sources */ = {isa = PBXBuildFile; fileRef = FA4E41A82575D87E00716964 /* Livestream.swift */; };
		FA4E41B22575D87E00716964 /* Livestream.swift in Sources */ = {isa = PBXBuildFile; fileRef = FA4E41A82575D87E00716964 /* Livestream.swift */; };
		FA4E41B32575D87E00716964 /* Tutorial.swift in Sources */ = {isa = PBXBuildFile; fileRef = FA4E41A92575D87E00716964 /* Tutorial.swift */; };
		FA4E41B42575D87E00716964 /* Tutorial.swift in Sources */ = {isa = PBXBuildFile; fileRef = FA4E41A92575D87E00716964 /* Tutorial.swift */; };
		FA4E41B52575D87E00716964 /* CourseSection.swift in Sources */ = {isa = PBXBuildFile; fileRef = FA4E41AA2575D87E00716964 /* CourseSection.swift */; };
		FA4E41B62575D87E00716964 /* CourseSection.swift in Sources */ = {isa = PBXBuildFile; fileRef = FA4E41AA2575D87E00716964 /* CourseSection.swift */; };
		FA4E41B72575D87E00716964 /* GradientModel.swift in Sources */ = {isa = PBXBuildFile; fileRef = FA4E41AB2575D87E00716964 /* GradientModel.swift */; };
		FA4E41B82575D87E00716964 /* GradientModel.swift in Sources */ = {isa = PBXBuildFile; fileRef = FA4E41AB2575D87E00716964 /* GradientModel.swift */; };
		FA4E41B92575D87E00716964 /* Download.swift in Sources */ = {isa = PBXBuildFile; fileRef = FA4E41AC2575D87E00716964 /* Download.swift */; };
		FA4E41BA2575D87E00716964 /* Download.swift in Sources */ = {isa = PBXBuildFile; fileRef = FA4E41AC2575D87E00716964 /* Download.swift */; };
		FA4E41C02575DA2F00716964 /* VisualEffectBlur.swift in Sources */ = {isa = PBXBuildFile; fileRef = FA4E41BF2575DA2F00716964 /* VisualEffectBlur.swift */; };
		FA4E41C62575DA4400716964 /* VisualEffectBlur.swift in Sources */ = {isa = PBXBuildFile; fileRef = FA4E41C52575DA4400716964 /* VisualEffectBlur.swift */; };
		FA4E41CC257673A100716964 /* TabBar.swift in Sources */ = {isa = PBXBuildFile; fileRef = FA4E41CB257673A100716964 /* TabBar.swift */; };
		FA4E41D22576790800716964 /* CourseSectionDetail.swift in Sources */ = {isa = PBXBuildFile; fileRef = FA4E41D12576790800716964 /* CourseSectionDetail.swift */; };
		FA4E41D32576790800716964 /* CourseSectionDetail.swift in Sources */ = {isa = PBXBuildFile; fileRef = FA4E41D12576790800716964 /* CourseSectionDetail.swift */; };
		FA4E41D92576806B00716964 /* LibraryContent.swift in Sources */ = {isa = PBXBuildFile; fileRef = FA4E41D82576806B00716964 /* LibraryContent.swift */; };
		FA4E41DA2576806B00716964 /* LibraryContent.swift in Sources */ = {isa = PBXBuildFile; fileRef = FA4E41D82576806B00716964 /* LibraryContent.swift */; };
		FA4E41EF2576838700716964 /* WidgetKit.framework in Frameworks */ = {isa = PBXBuildFile; fileRef = FA4E41EE2576838600716964 /* WidgetKit.framework */; };
		FA4E41F12576838700716964 /* SwiftUI.framework in Frameworks */ = {isa = PBXBuildFile; fileRef = FA4E41F02576838700716964 /* SwiftUI.framework */; };
		FA4E41F42576838700716964 /* DesignCodeWidget.swift in Sources */ = {isa = PBXBuildFile; fileRef = FA4E41F32576838700716964 /* DesignCodeWidget.swift */; };
		FA4E41F72576838900716964 /* Assets.xcassets in Resources */ = {isa = PBXBuildFile; fileRef = FA4E41F62576838900716964 /* Assets.xcassets */; };
		FA4E41F92576838900716964 /* DesignCodeWidget.intentdefinition in Sources */ = {isa = PBXBuildFile; fileRef = FA4E41F52576838700716964 /* DesignCodeWidget.intentdefinition */; };
		FA4E41FA2576838900716964 /* DesignCodeWidget.intentdefinition in Sources */ = {isa = PBXBuildFile; fileRef = FA4E41F52576838700716964 /* DesignCodeWidget.intentdefinition */; };
		FA4E41FD2576838900716964 /* DesignCodeWidgetExtension.appex in Embed App Extensions */ = {isa = PBXBuildFile; fileRef = FA4E41EC2576838600716964 /* DesignCodeWidgetExtension.appex */; settings = {ATTRIBUTES = (RemoveHeadersOnCopy, ); }; };
		FA4E4207257685D400716964 /* CourseRow.swift in Sources */ = {isa = PBXBuildFile; fileRef = FA4E415F2575655C00716964 /* CourseRow.swift */; };
		FA4E420D2576860500716964 /* CourseSection.swift in Sources */ = {isa = PBXBuildFile; fileRef = FA4E41AA2575D87E00716964 /* CourseSection.swift */; };
		FA4E42132576861800716964 /* Assets.xcassets in Resources */ = {isa = PBXBuildFile; fileRef = FA4E412025754C2C00716964 /* Assets.xcassets */; };
/* End PBXBuildFile section */

/* Begin PBXContainerItemProxy section */
		FA4E413625754C2C00716964 /* PBXContainerItemProxy */ = {
			isa = PBXContainerItemProxy;
			containerPortal = FA4E411925754C2A00716964 /* Project object */;
			proxyType = 1;
			remoteGlobalIDString = FA4E412425754C2C00716964;
			remoteInfo = "DesignCodeCourse (iOS)";
		};
		FA4E414125754C2C00716964 /* PBXContainerItemProxy */ = {
			isa = PBXContainerItemProxy;
			containerPortal = FA4E411925754C2A00716964 /* Project object */;
			proxyType = 1;
			remoteGlobalIDString = FA4E412C25754C2C00716964;
			remoteInfo = "DesignCodeCourse (macOS)";
		};
		FA4E41FB2576838900716964 /* PBXContainerItemProxy */ = {
			isa = PBXContainerItemProxy;
			containerPortal = FA4E411925754C2A00716964 /* Project object */;
			proxyType = 1;
			remoteGlobalIDString = FA4E41EB2576838600716964;
			remoteInfo = DesignCodeWidgetExtension;
		};
/* End PBXContainerItemProxy section */

/* Begin PBXCopyFilesBuildPhase section */
		FA4E42012576838900716964 /* Embed App Extensions */ = {
			isa = PBXCopyFilesBuildPhase;
			buildActionMask = 2147483647;
			dstPath = "";
			dstSubfolderSpec = 13;
			files = (
				FA4E41FD2576838900716964 /* DesignCodeWidgetExtension.appex in Embed App Extensions */,
			);
			name = "Embed App Extensions";
			runOnlyForDeploymentPostprocessing = 0;
		};
/* End PBXCopyFilesBuildPhase section */

/* Begin PBXFileReference section */
		FA4E411E25754C2A00716964 /* DesignCodeCourseApp.swift */ = {isa = PBXFileReference; lastKnownFileType = sourcecode.swift; path = DesignCodeCourseApp.swift; sourceTree = "<group>"; };
		FA4E411F25754C2A00716964 /* ContentView.swift */ = {isa = PBXFileReference; lastKnownFileType = sourcecode.swift; path = ContentView.swift; sourceTree = "<group>"; };
		FA4E412025754C2C00716964 /* Assets.xcassets */ = {isa = PBXFileReference; lastKnownFileType = folder.assetcatalog; path = Assets.xcassets; sourceTree = "<group>"; };
		FA4E412525754C2C00716964 /* DesignCodeCourse.app */ = {isa = PBXFileReference; explicitFileType = wrapper.application; includeInIndex = 0; path = DesignCodeCourse.app; sourceTree = BUILT_PRODUCTS_DIR; };
		FA4E412825754C2C00716964 /* Info.plist */ = {isa = PBXFileReference; lastKnownFileType = text.plist.xml; path = Info.plist; sourceTree = "<group>"; };
		FA4E412D25754C2C00716964 /* DesignCodeCourse.app */ = {isa = PBXFileReference; explicitFileType = wrapper.application; includeInIndex = 0; path = DesignCodeCourse.app; sourceTree = BUILT_PRODUCTS_DIR; };
		FA4E412F25754C2C00716964 /* Info.plist */ = {isa = PBXFileReference; lastKnownFileType = text.plist.xml; path = Info.plist; sourceTree = "<group>"; };
		FA4E413025754C2C00716964 /* macOS.entitlements */ = {isa = PBXFileReference; lastKnownFileType = text.plist.entitlements; path = macOS.entitlements; sourceTree = "<group>"; };
		FA4E413525754C2C00716964 /* Tests iOS.xctest */ = {isa = PBXFileReference; explicitFileType = wrapper.cfbundle; includeInIndex = 0; path = "Tests iOS.xctest"; sourceTree = BUILT_PRODUCTS_DIR; };
		FA4E413925754C2C00716964 /* Tests_iOS.swift */ = {isa = PBXFileReference; lastKnownFileType = sourcecode.swift; path = Tests_iOS.swift; sourceTree = "<group>"; };
		FA4E413B25754C2C00716964 /* Info.plist */ = {isa = PBXFileReference; lastKnownFileType = text.plist.xml; path = Info.plist; sourceTree = "<group>"; };
		FA4E414025754C2C00716964 /* Tests macOS.xctest */ = {isa = PBXFileReference; explicitFileType = wrapper.cfbundle; includeInIndex = 0; path = "Tests macOS.xctest"; sourceTree = BUILT_PRODUCTS_DIR; };
		FA4E414425754C2C00716964 /* Tests_macOS.swift */ = {isa = PBXFileReference; lastKnownFileType = sourcecode.swift; path = Tests_macOS.swift; sourceTree = "<group>"; };
		FA4E414625754C2C00716964 /* Info.plist */ = {isa = PBXFileReference; lastKnownFileType = text.plist.xml; path = Info.plist; sourceTree = "<group>"; };
		FA4E415F2575655C00716964 /* CourseRow.swift */ = {isa = PBXFileReference; lastKnownFileType = sourcecode.swift; path = CourseRow.swift; sourceTree = "<group>"; };
		FA4E41662575AC8300716964 /* CoursesView.swift */ = {isa = PBXFileReference; lastKnownFileType = sourcecode.swift; path = CoursesView.swift; sourceTree = "<group>"; };
		FA4E416D2575ADD300716964 /* Sidebar.swift */ = {isa = PBXFileReference; lastKnownFileType = sourcecode.swift; path = Sidebar.swift; sourceTree = "<group>"; };
		FA4E41742575B60E00716964 /* Courseitem.swift */ = {isa = PBXFileReference; lastKnownFileType = sourcecode.swift; path = Courseitem.swift; sourceTree = "<group>"; };
		FA4E41812575B80700716964 /* CourseList.swift */ = {isa = PBXFileReference; lastKnownFileType = sourcecode.swift; path = CourseList.swift; sourceTree = "<group>"; };
		FA4E418C2575C72200716964 /* Course.swift */ = {isa = PBXFileReference; lastKnownFileType = sourcecode.swift; path = Course.swift; sourceTree = "<group>"; };
		FA4E41982575D33900716964 /* CloseButton.swift */ = {isa = PBXFileReference; lastKnownFileType = sourcecode.swift; path = CloseButton.swift; sourceTree = "<group>"; };
		FA4E419F2575D67F00716964 /* CourseDetail.swift */ = {isa = PBXFileReference; lastKnownFileType = sourcecode.swift; path = CourseDetail.swift; sourceTree = "<group>"; };
		FA4E41A62575D87E00716964 /* TutorialSection.swift */ = {isa = PBXFileReference; fileEncoding = 4; lastKnownFileType = sourcecode.swift; path = TutorialSection.swift; sourceTree = "<group>"; };
		FA4E41A72575D87E00716964 /* LivestreamSection.swift */ = {isa = PBXFileReference; fileEncoding = 4; lastKnownFileType = sourcecode.swift; path = LivestreamSection.swift; sourceTree = "<group>"; };
		FA4E41A82575D87E00716964 /* Livestream.swift */ = {isa = PBXFileReference; fileEncoding = 4; lastKnownFileType = sourcecode.swift; path = Livestream.swift; sourceTree = "<group>"; };
		FA4E41A92575D87E00716964 /* Tutorial.swift */ = {isa = PBXFileReference; fileEncoding = 4; lastKnownFileType = sourcecode.swift; path = Tutorial.swift; sourceTree = "<group>"; };
		FA4E41AA2575D87E00716964 /* CourseSection.swift */ = {isa = PBXFileReference; fileEncoding = 4; lastKnownFileType = sourcecode.swift; path = CourseSection.swift; sourceTree = "<group>"; };
		FA4E41AB2575D87E00716964 /* GradientModel.swift */ = {isa = PBXFileReference; fileEncoding = 4; lastKnownFileType = sourcecode.swift; path = GradientModel.swift; sourceTree = "<group>"; };
		FA4E41AC2575D87E00716964 /* Download.swift */ = {isa = PBXFileReference; fileEncoding = 4; lastKnownFileType = sourcecode.swift; path = Download.swift; sourceTree = "<group>"; };
		FA4E41BF2575DA2F00716964 /* VisualEffectBlur.swift */ = {isa = PBXFileReference; fileEncoding = 4; lastKnownFileType = sourcecode.swift; path = VisualEffectBlur.swift; sourceTree = "<group>"; };
		FA4E41C52575DA4400716964 /* VisualEffectBlur.swift */ = {isa = PBXFileReference; fileEncoding = 4; lastKnownFileType = sourcecode.swift; path = VisualEffectBlur.swift; sourceTree = "<group>"; };
		FA4E41CB257673A100716964 /* TabBar.swift */ = {isa = PBXFileReference; lastKnownFileType = sourcecode.swift; path = TabBar.swift; sourceTree = "<group>"; };
		FA4E41D12576790800716964 /* CourseSectionDetail.swift */ = {isa = PBXFileReference; lastKnownFileType = sourcecode.swift; path = CourseSectionDetail.swift; sourceTree = "<group>"; };
		FA4E41D82576806B00716964 /* LibraryContent.swift */ = {isa = PBXFileReference; lastKnownFileType = sourcecode.swift; path = LibraryContent.swift; sourceTree = "<group>"; };
		FA4E41EC2576838600716964 /* DesignCodeWidgetExtension.appex */ = {isa = PBXFileReference; explicitFileType = "wrapper.app-extension"; includeInIndex = 0; path = DesignCodeWidgetExtension.appex; sourceTree = BUILT_PRODUCTS_DIR; };
		FA4E41EE2576838600716964 /* WidgetKit.framework */ = {isa = PBXFileReference; lastKnownFileType = wrapper.framework; name = WidgetKit.framework; path = System/Library/Frameworks/WidgetKit.framework; sourceTree = SDKROOT; };
		FA4E41F02576838700716964 /* SwiftUI.framework */ = {isa = PBXFileReference; lastKnownFileType = wrapper.framework; name = SwiftUI.framework; path = System/Library/Frameworks/SwiftUI.framework; sourceTree = SDKROOT; };
		FA4E41F32576838700716964 /* DesignCodeWidget.swift */ = {isa = PBXFileReference; lastKnownFileType = sourcecode.swift; path = DesignCodeWidget.swift; sourceTree = "<group>"; };
		FA4E41F52576838700716964 /* DesignCodeWidget.intentdefinition */ = {isa = PBXFileReference; lastKnownFileType = file.intentdefinition; path = DesignCodeWidget.intentdefinition; sourceTree = "<group>"; };
		FA4E41F62576838900716964 /* Assets.xcassets */ = {isa = PBXFileReference; lastKnownFileType = folder.assetcatalog; path = Assets.xcassets; sourceTree = "<group>"; };
		FA4E41F82576838900716964 /* Info.plist */ = {isa = PBXFileReference; lastKnownFileType = text.plist.xml; path = Info.plist; sourceTree = "<group>"; };
/* End PBXFileReference section */

/* Begin PBXFrameworksBuildPhase section */
		FA4E412225754C2C00716964 /* Frameworks */ = {
			isa = PBXFrameworksBuildPhase;
			buildActionMask = 2147483647;
			files = (
			);
			runOnlyForDeploymentPostprocessing = 0;
		};
		FA4E412A25754C2C00716964 /* Frameworks */ = {
			isa = PBXFrameworksBuildPhase;
			buildActionMask = 2147483647;
			files = (
			);
			runOnlyForDeploymentPostprocessing = 0;
		};
		FA4E413225754C2C00716964 /* Frameworks */ = {
			isa = PBXFrameworksBuildPhase;
			buildActionMask = 2147483647;
			files = (
			);
			runOnlyForDeploymentPostprocessing = 0;
		};
		FA4E413D25754C2C00716964 /* Frameworks */ = {
			isa = PBXFrameworksBuildPhase;
			buildActionMask = 2147483647;
			files = (
			);
			runOnlyForDeploymentPostprocessing = 0;
		};
		FA4E41E92576838600716964 /* Frameworks */ = {
			isa = PBXFrameworksBuildPhase;
			buildActionMask = 2147483647;
			files = (
				FA4E41F12576838700716964 /* SwiftUI.framework in Frameworks */,
				FA4E41EF2576838700716964 /* WidgetKit.framework in Frameworks */,
			);
			runOnlyForDeploymentPostprocessing = 0;
		};
/* End PBXFrameworksBuildPhase section */

/* Begin PBXGroup section */
		FA4E411825754C2A00716964 = {
			isa = PBXGroup;
			children = (
				FA4E411D25754C2A00716964 /* Shared */,
				FA4E412725754C2C00716964 /* iOS */,
				FA4E412E25754C2C00716964 /* macOS */,
				FA4E413825754C2C00716964 /* Tests iOS */,
				FA4E414325754C2C00716964 /* Tests macOS */,
				FA4E41F22576838700716964 /* DesignCodeWidget */,
				FA4E41ED2576838600716964 /* Frameworks */,
				FA4E412625754C2C00716964 /* Products */,
			);
			sourceTree = "<group>";
		};
		FA4E411D25754C2A00716964 /* Shared */ = {
			isa = PBXGroup;
			children = (
				FA4E41DF2576832B00716964 /* Library */,
				FA4E411E25754C2A00716964 /* DesignCodeCourseApp.swift */,
				FA4E417B2575B74B00716964 /* Navigation */,
				FA4E417C2575B76E00716964 /* Items */,
				FA4E41662575AC8300716964 /* CoursesView.swift */,
				FA4E419F2575D67F00716964 /* CourseDetail.swift */,
				FA4E41D12576790800716964 /* CourseSectionDetail.swift */,
				FA4E41932575CA1D00716964 /* Model */,
				FA4E41812575B80700716964 /* CourseList.swift */,
				FA4E412025754C2C00716964 /* Assets.xcassets */,
			);
			path = Shared;
			sourceTree = "<group>";
		};
		FA4E412625754C2C00716964 /* Products */ = {
			isa = PBXGroup;
			children = (
				FA4E412525754C2C00716964 /* DesignCodeCourse.app */,
				FA4E412D25754C2C00716964 /* DesignCodeCourse.app */,
				FA4E413525754C2C00716964 /* Tests iOS.xctest */,
				FA4E414025754C2C00716964 /* Tests macOS.xctest */,
				FA4E41EC2576838600716964 /* DesignCodeWidgetExtension.appex */,
			);
			name = Products;
			sourceTree = "<group>";
		};
		FA4E412725754C2C00716964 /* iOS */ = {
			isa = PBXGroup;
			children = (
				FA4E41BF2575DA2F00716964 /* VisualEffectBlur.swift */,
				FA4E412825754C2C00716964 /* Info.plist */,
			);
			path = iOS;
			sourceTree = "<group>";
		};
		FA4E412E25754C2C00716964 /* macOS */ = {
			isa = PBXGroup;
			children = (
				FA4E41C52575DA4400716964 /* VisualEffectBlur.swift */,
				FA4E412F25754C2C00716964 /* Info.plist */,
				FA4E413025754C2C00716964 /* macOS.entitlements */,
			);
			path = macOS;
			sourceTree = "<group>";
		};
		FA4E413825754C2C00716964 /* Tests iOS */ = {
			isa = PBXGroup;
			children = (
				FA4E413925754C2C00716964 /* Tests_iOS.swift */,
				FA4E413B25754C2C00716964 /* Info.plist */,
			);
			path = "Tests iOS";
			sourceTree = "<group>";
		};
		FA4E414325754C2C00716964 /* Tests macOS */ = {
			isa = PBXGroup;
			children = (
				FA4E414425754C2C00716964 /* Tests_macOS.swift */,
				FA4E414625754C2C00716964 /* Info.plist */,
			);
			path = "Tests macOS";
			sourceTree = "<group>";
		};
		FA4E417B2575B74B00716964 /* Navigation */ = {
			isa = PBXGroup;
			children = (
				FA4E411F25754C2A00716964 /* ContentView.swift */,
				FA4E41CB257673A100716964 /* TabBar.swift */,
				FA4E416D2575ADD300716964 /* Sidebar.swift */,
			);
			path = Navigation;
			sourceTree = "<group>";
		};
		FA4E417C2575B76E00716964 /* Items */ = {
			isa = PBXGroup;
			children = (
				FA4E41742575B60E00716964 /* Courseitem.swift */,
				FA4E415F2575655C00716964 /* CourseRow.swift */,
			);
			path = Items;
			sourceTree = "<group>";
		};
		FA4E41932575CA1D00716964 /* Model */ = {
			isa = PBXGroup;
			children = (
				FA4E41AA2575D87E00716964 /* CourseSection.swift */,
				FA4E41AC2575D87E00716964 /* Download.swift */,
				FA4E41AB2575D87E00716964 /* GradientModel.swift */,
				FA4E41A82575D87E00716964 /* Livestream.swift */,
				FA4E41A72575D87E00716964 /* LivestreamSection.swift */,
				FA4E41A92575D87E00716964 /* Tutorial.swift */,
				FA4E41A62575D87E00716964 /* TutorialSection.swift */,
				FA4E418C2575C72200716964 /* Course.swift */,
			);
			path = Model;
			sourceTree = "<group>";
		};
		FA4E41DF2576832B00716964 /* Library */ = {
			isa = PBXGroup;
			children = (
				FA4E41982575D33900716964 /* CloseButton.swift */,
				FA4E41D82576806B00716964 /* LibraryContent.swift */,
			);
			path = Library;
			sourceTree = "<group>";
		};
		FA4E41ED2576838600716964 /* Frameworks */ = {
			isa = PBXGroup;
			children = (
				FA4E41EE2576838600716964 /* WidgetKit.framework */,
				FA4E41F02576838700716964 /* SwiftUI.framework */,
			);
			name = Frameworks;
			sourceTree = "<group>";
		};
		FA4E41F22576838700716964 /* DesignCodeWidget */ = {
			isa = PBXGroup;
			children = (
				FA4E41F32576838700716964 /* DesignCodeWidget.swift */,
				FA4E41F52576838700716964 /* DesignCodeWidget.intentdefinition */,
				FA4E41F62576838900716964 /* Assets.xcassets */,
				FA4E41F82576838900716964 /* Info.plist */,
			);
			path = DesignCodeWidget;
			sourceTree = "<group>";
		};
/* End PBXGroup section */

/* Begin PBXNativeTarget section */
		FA4E412425754C2C00716964 /* DesignCodeCourse (iOS) */ = {
			isa = PBXNativeTarget;
			buildConfigurationList = FA4E414F25754C2C00716964 /* Build configuration list for PBXNativeTarget "DesignCodeCourse (iOS)" */;
			buildPhases = (
				FA4E412125754C2C00716964 /* Sources */,
				FA4E412225754C2C00716964 /* Frameworks */,
				FA4E412325754C2C00716964 /* Resources */,
				FA4E42012576838900716964 /* Embed App Extensions */,
			);
			buildRules = (
			);
			dependencies = (
				FA4E41FC2576838900716964 /* PBXTargetDependency */,
			);
			name = "DesignCodeCourse (iOS)";
			productName = "DesignCodeCourse (iOS)";
			productReference = FA4E412525754C2C00716964 /* DesignCodeCourse.app */;
			productType = "com.apple.product-type.application";
		};
		FA4E412C25754C2C00716964 /* DesignCodeCourse (macOS) */ = {
			isa = PBXNativeTarget;
			buildConfigurationList = FA4E415225754C2C00716964 /* Build configuration list for PBXNativeTarget "DesignCodeCourse (macOS)" */;
			buildPhases = (
				FA4E412925754C2C00716964 /* Sources */,
				FA4E412A25754C2C00716964 /* Frameworks */,
				FA4E412B25754C2C00716964 /* Resources */,
			);
			buildRules = (
			);
			dependencies = (
			);
			name = "DesignCodeCourse (macOS)";
			productName = "DesignCodeCourse (macOS)";
			productReference = FA4E412D25754C2C00716964 /* DesignCodeCourse.app */;
			productType = "com.apple.product-type.application";
		};
		FA4E413425754C2C00716964 /* Tests iOS */ = {
			isa = PBXNativeTarget;
			buildConfigurationList = FA4E415525754C2C00716964 /* Build configuration list for PBXNativeTarget "Tests iOS" */;
			buildPhases = (
				FA4E413125754C2C00716964 /* Sources */,
				FA4E413225754C2C00716964 /* Frameworks */,
				FA4E413325754C2C00716964 /* Resources */,
			);
			buildRules = (
			);
			dependencies = (
				FA4E413725754C2C00716964 /* PBXTargetDependency */,
			);
			name = "Tests iOS";
			productName = "Tests iOS";
			productReference = FA4E413525754C2C00716964 /* Tests iOS.xctest */;
			productType = "com.apple.product-type.bundle.ui-testing";
		};
		FA4E413F25754C2C00716964 /* Tests macOS */ = {
			isa = PBXNativeTarget;
			buildConfigurationList = FA4E415825754C2C00716964 /* Build configuration list for PBXNativeTarget "Tests macOS" */;
			buildPhases = (
				FA4E413C25754C2C00716964 /* Sources */,
				FA4E413D25754C2C00716964 /* Frameworks */,
				FA4E413E25754C2C00716964 /* Resources */,
			);
			buildRules = (
			);
			dependencies = (
				FA4E414225754C2C00716964 /* PBXTargetDependency */,
			);
			name = "Tests macOS";
			productName = "Tests macOS";
			productReference = FA4E414025754C2C00716964 /* Tests macOS.xctest */;
			productType = "com.apple.product-type.bundle.ui-testing";
		};
		FA4E41EB2576838600716964 /* DesignCodeWidgetExtension */ = {
			isa = PBXNativeTarget;
			buildConfigurationList = FA4E41FE2576838900716964 /* Build configuration list for PBXNativeTarget "DesignCodeWidgetExtension" */;
			buildPhases = (
				FA4E41E82576838600716964 /* Sources */,
				FA4E41E92576838600716964 /* Frameworks */,
				FA4E41EA2576838600716964 /* Resources */,
			);
			buildRules = (
			);
			dependencies = (
			);
			name = DesignCodeWidgetExtension;
			productName = DesignCodeWidgetExtension;
			productReference = FA4E41EC2576838600716964 /* DesignCodeWidgetExtension.appex */;
			productType = "com.apple.product-type.app-extension";
		};
/* End PBXNativeTarget section */

/* Begin PBXProject section */
		FA4E411925754C2A00716964 /* Project object */ = {
			isa = PBXProject;
			attributes = {
				LastSwiftUpdateCheck = 1220;
				LastUpgradeCheck = 1220;
				TargetAttributes = {
					FA4E412425754C2C00716964 = {
						CreatedOnToolsVersion = 12.2;
					};
					FA4E412C25754C2C00716964 = {
						CreatedOnToolsVersion = 12.2;
					};
					FA4E413425754C2C00716964 = {
						CreatedOnToolsVersion = 12.2;
						TestTargetID = FA4E412425754C2C00716964;
					};
					FA4E413F25754C2C00716964 = {
						CreatedOnToolsVersion = 12.2;
						TestTargetID = FA4E412C25754C2C00716964;
					};
					FA4E41EB2576838600716964 = {
						CreatedOnToolsVersion = 12.2;
					};
				};
			};
			buildConfigurationList = FA4E411C25754C2A00716964 /* Build configuration list for PBXProject "DesignCodeCourse" */;
			compatibilityVersion = "Xcode 9.3";
			developmentRegion = en;
			hasScannedForEncodings = 0;
			knownRegions = (
				en,
				Base,
			);
			mainGroup = FA4E411825754C2A00716964;
			productRefGroup = FA4E412625754C2C00716964 /* Products */;
			projectDirPath = "";
			projectRoot = "";
			targets = (
				FA4E412425754C2C00716964 /* DesignCodeCourse (iOS) */,
				FA4E412C25754C2C00716964 /* DesignCodeCourse (macOS) */,
				FA4E413425754C2C00716964 /* Tests iOS */,
				FA4E413F25754C2C00716964 /* Tests macOS */,
				FA4E41EB2576838600716964 /* DesignCodeWidgetExtension */,
			);
		};
/* End PBXProject section */

/* Begin PBXResourcesBuildPhase section */
		FA4E412325754C2C00716964 /* Resources */ = {
			isa = PBXResourcesBuildPhase;
			buildActionMask = 2147483647;
			files = (
				FA4E414B25754C2C00716964 /* Assets.xcassets in Resources */,
			);
			runOnlyForDeploymentPostprocessing = 0;
		};
		FA4E412B25754C2C00716964 /* Resources */ = {
			isa = PBXResourcesBuildPhase;
			buildActionMask = 2147483647;
			files = (
				FA4E414C25754C2C00716964 /* Assets.xcassets in Resources */,
			);
			runOnlyForDeploymentPostprocessing = 0;
		};
		FA4E413325754C2C00716964 /* Resources */ = {
			isa = PBXResourcesBuildPhase;
			buildActionMask = 2147483647;
			files = (
			);
			runOnlyForDeploymentPostprocessing = 0;
		};
		FA4E413E25754C2C00716964 /* Resources */ = {
			isa = PBXResourcesBuildPhase;
			buildActionMask = 2147483647;
			files = (
			);
			runOnlyForDeploymentPostprocessing = 0;
		};
		FA4E41EA2576838600716964 /* Resources */ = {
			isa = PBXResourcesBuildPhase;
			buildActionMask = 2147483647;
			files = (
				FA4E42132576861800716964 /* Assets.xcassets in Resources */,
				FA4E41F72576838900716964 /* Assets.xcassets in Resources */,
			);
			runOnlyForDeploymentPostprocessing = 0;
		};
/* End PBXResourcesBuildPhase section */

/* Begin PBXSourcesBuildPhase section */
		FA4E412125754C2C00716964 /* Sources */ = {
			isa = PBXSourcesBuildPhase;
			buildActionMask = 2147483647;
			files = (
				FA4E418D2575C72200716964 /* Course.swift in Sources */,
				FA4E41D22576790800716964 /* CourseSectionDetail.swift in Sources */,
				FA4E41AD2575D87E00716964 /* TutorialSection.swift in Sources */,
				FA4E41CC257673A100716964 /* TabBar.swift in Sources */,
				FA4E41B12575D87E00716964 /* Livestream.swift in Sources */,
				FA4E416E2575ADD300716964 /* Sidebar.swift in Sources */,
				FA4E41B52575D87E00716964 /* CourseSection.swift in Sources */,
				FA4E414925754C2C00716964 /* ContentView.swift in Sources */,
				FA4E41B32575D87E00716964 /* Tutorial.swift in Sources */,
				FA4E41A02575D67F00716964 /* CourseDetail.swift in Sources */,
				FA4E41B92575D87E00716964 /* Download.swift in Sources */,
				FA4E41992575D33900716964 /* CloseButton.swift in Sources */,
				FA4E41602575655C00716964 /* CourseRow.swift in Sources */,
				FA4E414725754C2C00716964 /* DesignCodeCourseApp.swift in Sources */,
				FA4E41672575AC8300716964 /* CoursesView.swift in Sources */,
				FA4E41FA2576838900716964 /* DesignCodeWidget.intentdefinition in Sources */,
				FA4E41752575B60E00716964 /* Courseitem.swift in Sources */,
				FA4E41B72575D87E00716964 /* GradientModel.swift in Sources */,
				FA4E41C02575DA2F00716964 /* VisualEffectBlur.swift in Sources */,
				FA4E41822575B80700716964 /* CourseList.swift in Sources */,
				FA4E41D92576806B00716964 /* LibraryContent.swift in Sources */,
				FA4E41AF2575D87E00716964 /* LivestreamSection.swift in Sources */,
			);
			runOnlyForDeploymentPostprocessing = 0;
		};
		FA4E412925754C2C00716964 /* Sources */ = {
			isa = PBXSourcesBuildPhase;
			buildActionMask = 2147483647;
			files = (
				FA4E418E2575C72300716964 /* Course.swift in Sources */,
				FA4E41AE2575D87E00716964 /* TutorialSection.swift in Sources */,
				FA4E41B22575D87E00716964 /* Livestream.swift in Sources */,
				FA4E416F2575ADD300716964 /* Sidebar.swift in Sources */,
				FA4E41B62575D87E00716964 /* CourseSection.swift in Sources */,
				FA4E414A25754C2C00716964 /* ContentView.swift in Sources */,
				FA4E41B42575D87E00716964 /* Tutorial.swift in Sources */,
				FA4E41A12575D67F00716964 /* CourseDetail.swift in Sources */,
				FA4E41D32576790800716964 /* CourseSectionDetail.swift in Sources */,
				FA4E41BA2575D87E00716964 /* Download.swift in Sources */,
				FA4E419A2575D33900716964 /* CloseButton.swift in Sources */,
				FA4E41612575655C00716964 /* CourseRow.swift in Sources */,
				FA4E414825754C2C00716964 /* DesignCodeCourseApp.swift in Sources */,
				FA4E41682575AC8300716964 /* CoursesView.swift in Sources */,
				FA4E41762575B60E00716964 /* Courseitem.swift in Sources */,
				FA4E41B82575D87E00716964 /* GradientModel.swift in Sources */,
				FA4E41C62575DA4400716964 /* VisualEffectBlur.swift in Sources */,
				FA4E41832575B80700716964 /* CourseList.swift in Sources */,
				FA4E41B02575D87E00716964 /* LivestreamSection.swift in Sources */,
				FA4E41DA2576806B00716964 /* LibraryContent.swift in Sources */,
			);
			runOnlyForDeploymentPostprocessing = 0;
		};
		FA4E413125754C2C00716964 /* Sources */ = {
			isa = PBXSourcesBuildPhase;
			buildActionMask = 2147483647;
			files = (
				FA4E413A25754C2C00716964 /* Tests_iOS.swift in Sources */,
			);
			runOnlyForDeploymentPostprocessing = 0;
		};
		FA4E413C25754C2C00716964 /* Sources */ = {
			isa = PBXSourcesBuildPhase;
			buildActionMask = 2147483647;
			files = (
				FA4E414525754C2C00716964 /* Tests_macOS.swift in Sources */,
			);
			runOnlyForDeploymentPostprocessing = 0;
		};
		FA4E41E82576838600716964 /* Sources */ = {
			isa = PBXSourcesBuildPhase;
			buildActionMask = 2147483647;
			files = (
				FA4E420D2576860500716964 /* CourseSection.swift in Sources */,
				FA4E41F42576838700716964 /* DesignCodeWidget.swift in Sources */,
				FA4E4207257685D400716964 /* CourseRow.swift in Sources */,
				FA4E41F92576838900716964 /* DesignCodeWidget.intentdefinition in Sources */,
			);
			runOnlyForDeploymentPostprocessing = 0;
		};
/* End PBXSourcesBuildPhase section */

/* Begin PBXTargetDependency section */
		FA4E413725754C2C00716964 /* PBXTargetDependency */ = {
			isa = PBXTargetDependency;
			target = FA4E412425754C2C00716964 /* DesignCodeCourse (iOS) */;
			targetProxy = FA4E413625754C2C00716964 /* PBXContainerItemProxy */;
		};
		FA4E414225754C2C00716964 /* PBXTargetDependency */ = {
			isa = PBXTargetDependency;
			target = FA4E412C25754C2C00716964 /* DesignCodeCourse (macOS) */;
			targetProxy = FA4E414125754C2C00716964 /* PBXContainerItemProxy */;
		};
		FA4E41FC2576838900716964 /* PBXTargetDependency */ = {
			isa = PBXTargetDependency;
			target = FA4E41EB2576838600716964 /* DesignCodeWidgetExtension */;
			targetProxy = FA4E41FB2576838900716964 /* PBXContainerItemProxy */;
		};
/* End PBXTargetDependency section */

/* Begin XCBuildConfiguration section */
		FA4E414D25754C2C00716964 /* Debug */ = {
			isa = XCBuildConfiguration;
			buildSettings = {
				ALWAYS_SEARCH_USER_PATHS = NO;
				CLANG_ANALYZER_NONNULL = YES;
				CLANG_ANALYZER_NUMBER_OBJECT_CONVERSION = YES_AGGRESSIVE;
				CLANG_CXX_LANGUAGE_STANDARD = "gnu++14";
				CLANG_CXX_LIBRARY = "libc++";
				CLANG_ENABLE_MODULES = YES;
				CLANG_ENABLE_OBJC_ARC = YES;
				CLANG_ENABLE_OBJC_WEAK = YES;
				CLANG_WARN_BLOCK_CAPTURE_AUTORELEASING = YES;
				CLANG_WARN_BOOL_CONVERSION = YES;
				CLANG_WARN_COMMA = YES;
				CLANG_WARN_CONSTANT_CONVERSION = YES;
				CLANG_WARN_DEPRECATED_OBJC_IMPLEMENTATIONS = YES;
				CLANG_WARN_DIRECT_OBJC_ISA_USAGE = YES_ERROR;
				CLANG_WARN_DOCUMENTATION_COMMENTS = YES;
				CLANG_WARN_EMPTY_BODY = YES;
				CLANG_WARN_ENUM_CONVERSION = YES;
				CLANG_WARN_INFINITE_RECURSION = YES;
				CLANG_WARN_INT_CONVERSION = YES;
				CLANG_WARN_NON_LITERAL_NULL_CONVERSION = YES;
				CLANG_WARN_OBJC_IMPLICIT_RETAIN_SELF = YES;
				CLANG_WARN_OBJC_LITERAL_CONVERSION = YES;
				CLANG_WARN_OBJC_ROOT_CLASS = YES_ERROR;
				CLANG_WARN_QUOTED_INCLUDE_IN_FRAMEWORK_HEADER = YES;
				CLANG_WARN_RANGE_LOOP_ANALYSIS = YES;
				CLANG_WARN_STRICT_PROTOTYPES = YES;
				CLANG_WARN_SUSPICIOUS_MOVE = YES;
				CLANG_WARN_UNGUARDED_AVAILABILITY = YES_AGGRESSIVE;
				CLANG_WARN_UNREACHABLE_CODE = YES;
				CLANG_WARN__DUPLICATE_METHOD_MATCH = YES;
				COPY_PHASE_STRIP = NO;
				DEBUG_INFORMATION_FORMAT = dwarf;
				ENABLE_STRICT_OBJC_MSGSEND = YES;
				ENABLE_TESTABILITY = YES;
				GCC_C_LANGUAGE_STANDARD = gnu11;
				GCC_DYNAMIC_NO_PIC = NO;
				GCC_NO_COMMON_BLOCKS = YES;
				GCC_OPTIMIZATION_LEVEL = 0;
				GCC_PREPROCESSOR_DEFINITIONS = (
					"DEBUG=1",
					"$(inherited)",
				);
				GCC_WARN_64_TO_32_BIT_CONVERSION = YES;
				GCC_WARN_ABOUT_RETURN_TYPE = YES_ERROR;
				GCC_WARN_UNDECLARED_SELECTOR = YES;
				GCC_WARN_UNINITIALIZED_AUTOS = YES_AGGRESSIVE;
				GCC_WARN_UNUSED_FUNCTION = YES;
				GCC_WARN_UNUSED_VARIABLE = YES;
				MTL_ENABLE_DEBUG_INFO = INCLUDE_SOURCE;
				MTL_FAST_MATH = YES;
				ONLY_ACTIVE_ARCH = YES;
				SWIFT_ACTIVE_COMPILATION_CONDITIONS = DEBUG;
				SWIFT_OPTIMIZATION_LEVEL = "-Onone";
			};
			name = Debug;
		};
		FA4E414E25754C2C00716964 /* Release */ = {
			isa = XCBuildConfiguration;
			buildSettings = {
				ALWAYS_SEARCH_USER_PATHS = NO;
				CLANG_ANALYZER_NONNULL = YES;
				CLANG_ANALYZER_NUMBER_OBJECT_CONVERSION = YES_AGGRESSIVE;
				CLANG_CXX_LANGUAGE_STANDARD = "gnu++14";
				CLANG_CXX_LIBRARY = "libc++";
				CLANG_ENABLE_MODULES = YES;
				CLANG_ENABLE_OBJC_ARC = YES;
				CLANG_ENABLE_OBJC_WEAK = YES;
				CLANG_WARN_BLOCK_CAPTURE_AUTORELEASING = YES;
				CLANG_WARN_BOOL_CONVERSION = YES;
				CLANG_WARN_COMMA = YES;
				CLANG_WARN_CONSTANT_CONVERSION = YES;
				CLANG_WARN_DEPRECATED_OBJC_IMPLEMENTATIONS = YES;
				CLANG_WARN_DIRECT_OBJC_ISA_USAGE = YES_ERROR;
				CLANG_WARN_DOCUMENTATION_COMMENTS = YES;
				CLANG_WARN_EMPTY_BODY = YES;
				CLANG_WARN_ENUM_CONVERSION = YES;
				CLANG_WARN_INFINITE_RECURSION = YES;
				CLANG_WARN_INT_CONVERSION = YES;
				CLANG_WARN_NON_LITERAL_NULL_CONVERSION = YES;
				CLANG_WARN_OBJC_IMPLICIT_RETAIN_SELF = YES;
				CLANG_WARN_OBJC_LITERAL_CONVERSION = YES;
				CLANG_WARN_OBJC_ROOT_CLASS = YES_ERROR;
				CLANG_WARN_QUOTED_INCLUDE_IN_FRAMEWORK_HEADER = YES;
				CLANG_WARN_RANGE_LOOP_ANALYSIS = YES;
				CLANG_WARN_STRICT_PROTOTYPES = YES;
				CLANG_WARN_SUSPICIOUS_MOVE = YES;
				CLANG_WARN_UNGUARDED_AVAILABILITY = YES_AGGRESSIVE;
				CLANG_WARN_UNREACHABLE_CODE = YES;
				CLANG_WARN__DUPLICATE_METHOD_MATCH = YES;
				COPY_PHASE_STRIP = NO;
				DEBUG_INFORMATION_FORMAT = "dwarf-with-dsym";
				ENABLE_NS_ASSERTIONS = NO;
				ENABLE_STRICT_OBJC_MSGSEND = YES;
				GCC_C_LANGUAGE_STANDARD = gnu11;
				GCC_NO_COMMON_BLOCKS = YES;
				GCC_WARN_64_TO_32_BIT_CONVERSION = YES;
				GCC_WARN_ABOUT_RETURN_TYPE = YES_ERROR;
				GCC_WARN_UNDECLARED_SELECTOR = YES;
				GCC_WARN_UNINITIALIZED_AUTOS = YES_AGGRESSIVE;
				GCC_WARN_UNUSED_FUNCTION = YES;
				GCC_WARN_UNUSED_VARIABLE = YES;
				MTL_ENABLE_DEBUG_INFO = NO;
				MTL_FAST_MATH = YES;
				SWIFT_COMPILATION_MODE = wholemodule;
				SWIFT_OPTIMIZATION_LEVEL = "-O";
			};
			name = Release;
		};
		FA4E415025754C2C00716964 /* Debug */ = {
			isa = XCBuildConfiguration;
			buildSettings = {
				ALWAYS_EMBED_SWIFT_STANDARD_LIBRARIES = YES;
				ASSETCATALOG_COMPILER_APPICON_NAME = AppIcon;
				ASSETCATALOG_COMPILER_GLOBAL_ACCENT_COLOR_NAME = AccentColor;
				CODE_SIGN_STYLE = Automatic;
				DEVELOPMENT_TEAM = F2NV98J775;
				ENABLE_PREVIEWS = YES;
				INFOPLIST_FILE = iOS/Info.plist;
				IPHONEOS_DEPLOYMENT_TARGET = 14.0;
				LD_RUNPATH_SEARCH_PATHS = (
					"$(inherited)",
					"@executable_path/Frameworks",
				);
				PRODUCT_BUNDLE_IDENTIFIER = com.sigilwen.DesignCodeCourse;
				PRODUCT_NAME = DesignCodeCourse;
				SDKROOT = iphoneos;
				SWIFT_VERSION = 5.0;
				TARGETED_DEVICE_FAMILY = "1,2";
			};
			name = Debug;
		};
		FA4E415125754C2C00716964 /* Release */ = {
			isa = XCBuildConfiguration;
			buildSettings = {
				ALWAYS_EMBED_SWIFT_STANDARD_LIBRARIES = YES;
				ASSETCATALOG_COMPILER_APPICON_NAME = AppIcon;
				ASSETCATALOG_COMPILER_GLOBAL_ACCENT_COLOR_NAME = AccentColor;
				CODE_SIGN_STYLE = Automatic;
				DEVELOPMENT_TEAM = F2NV98J775;
				ENABLE_PREVIEWS = YES;
				INFOPLIST_FILE = iOS/Info.plist;
				IPHONEOS_DEPLOYMENT_TARGET = 14.0;
				LD_RUNPATH_SEARCH_PATHS = (
					"$(inherited)",
					"@executable_path/Frameworks",
				);
				PRODUCT_BUNDLE_IDENTIFIER = com.sigilwen.DesignCodeCourse;
				PRODUCT_NAME = DesignCodeCourse;
				SDKROOT = iphoneos;
				SWIFT_VERSION = 5.0;
				TARGETED_DEVICE_FAMILY = "1,2";
				VALIDATE_PRODUCT = YES;
			};
			name = Release;
		};
		FA4E415325754C2C00716964 /* Debug */ = {
			isa = XCBuildConfiguration;
			buildSettings = {
				ASSETCATALOG_COMPILER_APPICON_NAME = AppIcon;
				ASSETCATALOG_COMPILER_GLOBAL_ACCENT_COLOR_NAME = AccentColor;
				CODE_SIGN_ENTITLEMENTS = macOS/macOS.entitlements;
				CODE_SIGN_STYLE = Automatic;
				COMBINE_HIDPI_IMAGES = YES;
				DEVELOPMENT_TEAM = F2NV98J775;
				ENABLE_HARDENED_RUNTIME = YES;
				ENABLE_PREVIEWS = YES;
				INFOPLIST_FILE = macOS/Info.plist;
				LD_RUNPATH_SEARCH_PATHS = (
					"$(inherited)",
					"@executable_path/../Frameworks",
				);
				MACOSX_DEPLOYMENT_TARGET = 11.0;
				PRODUCT_BUNDLE_IDENTIFIER = com.sigilwen.DesignCodeCourse;
				PRODUCT_NAME = DesignCodeCourse;
				SDKROOT = macosx;
				SWIFT_VERSION = 5.0;
			};
			name = Debug;
		};
		FA4E415425754C2C00716964 /* Release */ = {
			isa = XCBuildConfiguration;
			buildSettings = {
				ASSETCATALOG_COMPILER_APPICON_NAME = AppIcon;
				ASSETCATALOG_COMPILER_GLOBAL_ACCENT_COLOR_NAME = AccentColor;
				CODE_SIGN_ENTITLEMENTS = macOS/macOS.entitlements;
				CODE_SIGN_STYLE = Automatic;
				COMBINE_HIDPI_IMAGES = YES;
				DEVELOPMENT_TEAM = F2NV98J775;
				ENABLE_HARDENED_RUNTIME = YES;
				ENABLE_PREVIEWS = YES;
				INFOPLIST_FILE = macOS/Info.plist;
				LD_RUNPATH_SEARCH_PATHS = (
					"$(inherited)",
					"@executable_path/../Frameworks",
				);
				MACOSX_DEPLOYMENT_TARGET = 11.0;
				PRODUCT_BUNDLE_IDENTIFIER = com.sigilwen.DesignCodeCourse;
				PRODUCT_NAME = DesignCodeCourse;
				SDKROOT = macosx;
				SWIFT_VERSION = 5.0;
			};
			name = Release;
		};
		FA4E415625754C2C00716964 /* Debug */ = {
			isa = XCBuildConfiguration;
			buildSettings = {
				ALWAYS_EMBED_SWIFT_STANDARD_LIBRARIES = YES;
				CODE_SIGN_STYLE = Automatic;
				DEVELOPMENT_TEAM = F2NV98J775;
				INFOPLIST_FILE = "Tests iOS/Info.plist";
				IPHONEOS_DEPLOYMENT_TARGET = 14.2;
				LD_RUNPATH_SEARCH_PATHS = (
					"$(inherited)",
					"@executable_path/Frameworks",
					"@loader_path/Frameworks",
				);
				PRODUCT_BUNDLE_IDENTIFIER = "com.sigilwen.Tests-iOS";
				PRODUCT_NAME = "$(TARGET_NAME)";
				SDKROOT = iphoneos;
				SWIFT_VERSION = 5.0;
				TARGETED_DEVICE_FAMILY = "1,2";
				TEST_TARGET_NAME = "DesignCodeCourse (iOS)";
			};
			name = Debug;
		};
		FA4E415725754C2C00716964 /* Release */ = {
			isa = XCBuildConfiguration;
			buildSettings = {
				ALWAYS_EMBED_SWIFT_STANDARD_LIBRARIES = YES;
				CODE_SIGN_STYLE = Automatic;
				DEVELOPMENT_TEAM = F2NV98J775;
				INFOPLIST_FILE = "Tests iOS/Info.plist";
				IPHONEOS_DEPLOYMENT_TARGET = 14.2;
				LD_RUNPATH_SEARCH_PATHS = (
					"$(inherited)",
					"@executable_path/Frameworks",
					"@loader_path/Frameworks",
				);
				PRODUCT_BUNDLE_IDENTIFIER = "com.sigilwen.Tests-iOS";
				PRODUCT_NAME = "$(TARGET_NAME)";
				SDKROOT = iphoneos;
				SWIFT_VERSION = 5.0;
				TARGETED_DEVICE_FAMILY = "1,2";
				TEST_TARGET_NAME = "DesignCodeCourse (iOS)";
				VALIDATE_PRODUCT = YES;
			};
			name = Release;
		};
		FA4E415925754C2C00716964 /* Debug */ = {
			isa = XCBuildConfiguration;
			buildSettings = {
				ALWAYS_EMBED_SWIFT_STANDARD_LIBRARIES = YES;
				CODE_SIGN_STYLE = Automatic;
				COMBINE_HIDPI_IMAGES = YES;
				DEVELOPMENT_TEAM = F2NV98J775;
				INFOPLIST_FILE = "Tests macOS/Info.plist";
				LD_RUNPATH_SEARCH_PATHS = (
					"$(inherited)",
					"@executable_path/../Frameworks",
					"@loader_path/../Frameworks",
				);
				MACOSX_DEPLOYMENT_TARGET = 10.15;
				PRODUCT_BUNDLE_IDENTIFIER = "com.sigilwen.Tests-macOS";
				PRODUCT_NAME = "$(TARGET_NAME)";
				SDKROOT = macosx;
				SWIFT_VERSION = 5.0;
				TEST_TARGET_NAME = "DesignCodeCourse (macOS)";
			};
			name = Debug;
		};
		FA4E415A25754C2C00716964 /* Release */ = {
			isa = XCBuildConfiguration;
			buildSettings = {
				ALWAYS_EMBED_SWIFT_STANDARD_LIBRARIES = YES;
				CODE_SIGN_STYLE = Automatic;
				COMBINE_HIDPI_IMAGES = YES;
				DEVELOPMENT_TEAM = F2NV98J775;
				INFOPLIST_FILE = "Tests macOS/Info.plist";
				LD_RUNPATH_SEARCH_PATHS = (
					"$(inherited)",
					"@executable_path/../Frameworks",
					"@loader_path/../Frameworks",
				);
				MACOSX_DEPLOYMENT_TARGET = 10.15;
				PRODUCT_BUNDLE_IDENTIFIER = "com.sigilwen.Tests-macOS";
				PRODUCT_NAME = "$(TARGET_NAME)";
				SDKROOT = macosx;
				SWIFT_VERSION = 5.0;
				TEST_TARGET_NAME = "DesignCodeCourse (macOS)";
			};
			name = Release;
		};
		FA4E41FF2576838900716964 /* Debug */ = {
			isa = XCBuildConfiguration;
			buildSettings = {
				ASSETCATALOG_COMPILER_GLOBAL_ACCENT_COLOR_NAME = AccentColor;
				ASSETCATALOG_COMPILER_WIDGET_BACKGROUND_COLOR_NAME = WidgetBackground;
				CODE_SIGN_STYLE = Automatic;
				DEVELOPMENT_TEAM = F2NV98J775;
				INFOPLIST_FILE = DesignCodeWidget/Info.plist;
				IPHONEOS_DEPLOYMENT_TARGET = 14.2;
				LD_RUNPATH_SEARCH_PATHS = (
					"$(inherited)",
					"@executable_path/Frameworks",
					"@executable_path/../../Frameworks",
				);
				PRODUCT_BUNDLE_IDENTIFIER = com.sigilwen.DesignCodeCourse.DesignCodeWidget;
				PRODUCT_NAME = "$(TARGET_NAME)";
				SDKROOT = iphoneos;
				SKIP_INSTALL = YES;
				SWIFT_VERSION = 5.0;
				TARGETED_DEVICE_FAMILY = "1,2";
			};
			name = Debug;
		};
		FA4E42002576838900716964 /* Release */ = {
			isa = XCBuildConfiguration;
			buildSettings = {
				ASSETCATALOG_COMPILER_GLOBAL_ACCENT_COLOR_NAME = AccentColor;
				ASSETCATALOG_COMPILER_WIDGET_BACKGROUND_COLOR_NAME = WidgetBackground;
				CODE_SIGN_STYLE = Automatic;
				DEVELOPMENT_TEAM = F2NV98J775;
				INFOPLIST_FILE = DesignCodeWidget/Info.plist;
				IPHONEOS_DEPLOYMENT_TARGET = 14.2;
				LD_RUNPATH_SEARCH_PATHS = (
					"$(inherited)",
					"@executable_path/Frameworks",
					"@executable_path/../../Frameworks",
				);
				PRODUCT_BUNDLE_IDENTIFIER = com.sigilwen.DesignCodeCourse.DesignCodeWidget;
				PRODUCT_NAME = "$(TARGET_NAME)";
				SDKROOT = iphoneos;
				SKIP_INSTALL = YES;
				SWIFT_VERSION = 5.0;
				TARGETED_DEVICE_FAMILY = "1,2";
				VALIDATE_PRODUCT = YES;
			};
			name = Release;
		};
/* End XCBuildConfiguration section */

/* Begin XCConfigurationList section */
		FA4E411C25754C2A00716964 /* Build configuration list for PBXProject "DesignCodeCourse" */ = {
			isa = XCConfigurationList;
			buildConfigurations = (
				FA4E414D25754C2C00716964 /* Debug */,
				FA4E414E25754C2C00716964 /* Release */,
			);
			defaultConfigurationIsVisible = 0;
			defaultConfigurationName = Release;
		};
		FA4E414F25754C2C00716964 /* Build configuration list for PBXNativeTarget "DesignCodeCourse (iOS)" */ = {
			isa = XCConfigurationList;
			buildConfigurations = (
				FA4E415025754C2C00716964 /* Debug */,
				FA4E415125754C2C00716964 /* Release */,
			);
			defaultConfigurationIsVisible = 0;
			defaultConfigurationName = Release;
		};
		FA4E415225754C2C00716964 /* Build configuration list for PBXNativeTarget "DesignCodeCourse (macOS)" */ = {
			isa = XCConfigurationList;
			buildConfigurations = (
				FA4E415325754C2C00716964 /* Debug */,
				FA4E415425754C2C00716964 /* Release */,
			);
			defaultConfigurationIsVisible = 0;
			defaultConfigurationName = Release;
		};
		FA4E415525754C2C00716964 /* Build configuration list for PBXNativeTarget "Tests iOS" */ = {
			isa = XCConfigurationList;
			buildConfigurations = (
				FA4E415625754C2C00716964 /* Debug */,
				FA4E415725754C2C00716964 /* Release */,
			);
			defaultConfigurationIsVisible = 0;
			defaultConfigurationName = Release;
		};
		FA4E415825754C2C00716964 /* Build configuration list for PBXNativeTarget "Tests macOS" */ = {
			isa = XCConfigurationList;
			buildConfigurations = (
				FA4E415925754C2C00716964 /* Debug */,
				FA4E415A25754C2C00716964 /* Release */,
			);
			defaultConfigurationIsVisible = 0;
			defaultConfigurationName = Release;
		};
		FA4E41FE2576838900716964 /* Build configuration list for PBXNativeTarget "DesignCodeWidgetExtension" */ = {
			isa = XCConfigurationList;
			buildConfigurations = (
				FA4E41FF2576838900716964 /* Debug */,
				FA4E42002576838900716964 /* Release */,
			);
			defaultConfigurationIsVisible = 0;
			defaultConfigurationName = Release;
		};
/* End XCConfigurationList section */
	};
	rootObject = FA4E411925754C2A00716964 /* Project object */;
}
